// !$*UTF8*$!
{
	archiveVersion = 1;
	classes = {
	};
	objectVersion = 56;
	objects = {

/* Begin PBXBuildFile section */
		A10001 /* MilliApp.swift in Sources */ = {isa = PBXBuildFile; fileRef = B10001; };
		A10002 /* ContentView.swift in Sources */ = {isa = PBXBuildFile; fileRef = B10002; };
		A10012 /* MilliTheme.swift in Sources */ = {isa = PBXBuildFile; fileRef = B10012; };
		A10013 /* Assets.xcassets in Resources */ = {isa = PBXBuildFile; fileRef = B10013; };
		A10020 /* ChromeEmblemView.swift in Sources */ = {isa = PBXBuildFile; fileRef = B10020; };
		A10021 /* MilliNavBar.swift in Sources */ = {isa = PBXBuildFile; fileRef = B10021; };
		A10022 /* MilliAIOrb.swift in Sources */ = {isa = PBXBuildFile; fileRef = B10022; };
		A10024 /* TaxVaultView.swift in Sources */ = {isa = PBXBuildFile; fileRef = B10024; };
		A10030 /* SplashView.swift in Sources */ = {isa = PBXBuildFile; fileRef = B10030; };
		A10031 /* OnboardingView.swift in Sources */ = {isa = PBXBuildFile; fileRef = B10031; };
		A10032 /* LoginView.swift in Sources */ = {isa = PBXBuildFile; fileRef = B10032; };
		A10040 /* AppModels.swift in Sources */ = {isa = PBXBuildFile; fileRef = B10040; };
		A10041 /* DashboardView.swift in Sources */ = {isa = PBXBuildFile; fileRef = B10041; };
		A10042 /* ActivityView.swift in Sources */ = {isa = PBXBuildFile; fileRef = B10042; };
		A10043 /* VaultView.swift in Sources */ = {isa = PBXBuildFile; fileRef = B10043; };
		A10044 /* WealthView.swift in Sources */ = {isa = PBXBuildFile; fileRef = B10044; };
		A10045 /* CockpitView.swift in Sources */ = {isa = PBXBuildFile; fileRef = B10045; };
		A10046 /* MilliMetalCard.swift in Sources */ = {isa = PBXBuildFile; fileRef = B10046; };
		A10047 /* MilliAICompanion.swift in Sources */ = {isa = PBXBuildFile; fileRef = B10047; };
		A10048 /* MilliCard.swift in Sources */ = {isa = PBXBuildFile; fileRef = B10048; };
		A10049 /* MilliChart.swift in Sources */ = {isa = PBXBuildFile; fileRef = B10049; };
		A10050 /* NavBar.swift in Sources */ = {isa = PBXBuildFile; fileRef = B10050; };
		A10051 /* CircularProgressView.swift in Sources */ = {isa = PBXBuildFile; fileRef = B10051; };
		A10060 /* MilliColors.swift in Sources */ = {isa = PBXBuildFile; fileRef = B10060; };
		A10061 /* MilliTypography.swift in Sources */ = {isa = PBXBuildFile; fileRef = B10061; };
		A10062 /* MilliSpacing.swift in Sources */ = {isa = PBXBuildFile; fileRef = B10062; };
		A10070 /* MilliSurface.swift in Sources */ = {isa = PBXBuildFile; fileRef = B10070; };
		A10071 /* MilliSparkline.swift in Sources */ = {isa = PBXBuildFile; fileRef = B10071; };
		A10072 /* MilliProgressRing.swift in Sources */ = {isa = PBXBuildFile; fileRef = B10072; };
		A10073 /* MilliCenterMButton.swift in Sources */ = {isa = PBXBuildFile; fileRef = B10073; };
		A10074 /* MilliBottomBar.swift in Sources */ = {isa = PBXBuildFile; fileRef = B10074; };
		A10090 /* BelAirNavBarShape.swift in Sources */ = {isa = PBXBuildFile; fileRef = B10090; };
		A10075 /* MilliMetricCard.swift in Sources */ = {isa = PBXBuildFile; fileRef = B10075; };
		A10076 /* MilliInsightCard.swift in Sources */ = {isa = PBXBuildFile; fileRef = B10076; };
		A10119 /* MilliDetailSheet.swift in Sources */ = {isa = PBXBuildFile; fileRef = B10119; };
		A10080 /* HomeView.swift in Sources */ = {isa = PBXBuildFile; fileRef = B10080; };
		A10081 /* HomeViewModel.swift in Sources */ = {isa = PBXBuildFile; fileRef = B10081; };
		A10082 /* HomeModels.swift in Sources */ = {isa = PBXBuildFile; fileRef = B10082; };
		A10107 /* MilliTaxVaultView.swift in Sources */ = {isa = PBXBuildFile; fileRef = B10107; };
		A10100 /* TreeOfLifeView.swift in Sources */ = {isa = PBXBuildFile; fileRef = B10100; };
		A10101 /* VehicleProfile.swift in Sources */ = {isa = PBXBuildFile; fileRef = B10101; };
		A10102 /* TaxProfile.swift in Sources */ = {isa = PBXBuildFile; fileRef = B10102; };
		A10103 /* OnboardingFlowView.swift in Sources */ = {isa = PBXBuildFile; fileRef = B10103; };
		A10104 /* VehicleSetupView.swift in Sources */ = {isa = PBXBuildFile; fileRef = B10104; };
		A10105 /* TaxProfileSetupView.swift in Sources */ = {isa = PBXBuildFile; fileRef = B10105; };
		A10106 /* PlanSelectionView.swift in Sources */ = {isa = PBXBuildFile; fileRef = B10106; };
		A10110 /* LiveMarketChartView.swift in Sources */ = {isa = PBXBuildFile; fileRef = B10110; };
		A10111 /* MarketDataViewModel.swift in Sources */ = {isa = PBXBuildFile; fileRef = B10111; };
		A10112 /* RetirementView.swift in Sources */ = {isa = PBXBuildFile; fileRef = B10112; };
		A10113 /* MileageView.swift in Sources */ = {isa = PBXBuildFile; fileRef = B10113; };
		A10114 /* InvestingView.swift in Sources */ = {isa = PBXBuildFile; fileRef = B10114; };
		A10115 /* LocationManager.swift in Sources */ = {isa = PBXBuildFile; fileRef = B10115; };
		A10116 /* AddRetirementAccountSheet.swift in Sources */ = {isa = PBXBuildFile; fileRef = B10116; };
		A10117 /* AddLifeEventSheet.swift in Sources */ = {isa = PBXBuildFile; fileRef = B10117; };
		A10118 /* MileageTrackerView.swift in Sources */ = {isa = PBXBuildFile; fileRef = B10118; };
		A10200 /* MilliTaxVaultScreen.swift in Sources */ = {isa = PBXBuildFile; fileRef = B10200; };
		A10201 /* MilliAIChatView.swift in Sources */ = {isa = PBXBuildFile; fileRef = B10201; };
		A10202 /* MilliCentsView.swift in Sources */ = {isa = PBXBuildFile; fileRef = B10202; };
		A10203 /* ExpensesView.swift in Sources */ = {isa = PBXBuildFile; fileRef = B10203; };
		A10204 /* ReportsView.swift in Sources */ = {isa = PBXBuildFile; fileRef = B10204; };
		A10205 /* WealthOverviewView.swift in Sources */ = {isa = PBXBuildFile; fileRef = B10205; };
		A10206 /* MoreView.swift in Sources */ = {isa = PBXBuildFile; fileRef = B10206; };
		A10207 /* MilliAIView.swift in Sources */ = {isa = PBXBuildFile; fileRef = B10207; };
		A10208 /* PayoutsView.swift in Sources */ = {isa = PBXBuildFile; fileRef = B10208; };
		A10209 /* QuarterlyTaxesView.swift in Sources */ = {isa = PBXBuildFile; fileRef = B10209; };
		A10210 /* TaxReadyScoreView.swift in Sources */ = {isa = PBXBuildFile; fileRef = B10210; };
		A10301 /* StoreKitService.swift in Sources */ = {isa = PBXBuildFile; fileRef = B10301; };
		A10302 /* AppleAuthManager.swift in Sources */ = {isa = PBXBuildFile; fileRef = B10302; };
		A10304 /* BankConnectionService.swift in Sources */ = {isa = PBXBuildFile; fileRef = B10304; };
		A10303 /* MilliSubscriptions.storekit in Resources */ = {isa = PBXBuildFile; fileRef = B10303; };
		AF0001 /* Sora-Regular.ttf in Resources */ = {isa = PBXBuildFile; fileRef = BF0001; };
		AF0002 /* Sora-Medium.ttf in Resources */ = {isa = PBXBuildFile; fileRef = BF0002; };
		AF0003 /* Sora-SemiBold.ttf in Resources */ = {isa = PBXBuildFile; fileRef = BF0003; };
		AF0004 /* Sora-Bold.ttf in Resources */ = {isa = PBXBuildFile; fileRef = BF0004; };
		AF0005 /* Inter-Regular.ttf in Resources */ = {isa = PBXBuildFile; fileRef = BF0005; };
		AF0006 /* Inter-Medium.ttf in Resources */ = {isa = PBXBuildFile; fileRef = BF0006; };
		AF0007 /* Inter-SemiBold.ttf in Resources */ = {isa = PBXBuildFile; fileRef = BF0007; };
		AF0008 /* Inter-Bold.ttf in Resources */ = {isa = PBXBuildFile; fileRef = BF0008; };
		A10400 /* QuarterlyTaxEstimator.swift in Sources */ = {isa = PBXBuildFile; fileRef = B10400; };
		A10500 /* QuarterlyTaxEstimatorTests.swift in Sources */ = {isa = PBXBuildFile; fileRef = B10500; };
		A10510 /* MilliWordmark.swift in Sources */ = {isa = PBXBuildFile; fileRef = B10510; };
/* End PBXBuildFile section */

/* Begin PBXFileReference section */
		B10001 /* MilliApp.swift */ = {isa = PBXFileReference; lastKnownFileType = sourcecode.swift; path = MilliApp.swift; sourceTree = "<group>"; };
		B10002 /* ContentView.swift */ = {isa = PBXFileReference; lastKnownFileType = sourcecode.swift; path = ContentView.swift; sourceTree = "<group>"; };
		B10012 /* MilliTheme.swift */ = {isa = PBXFileReference; lastKnownFileType = sourcecode.swift; path = MilliTheme.swift; sourceTree = "<group>"; };
		B10013 /* Assets.xcassets */ = {isa = PBXFileReference; lastKnownFileType = folder.assetcatalog; path = Assets.xcassets; sourceTree = "<group>"; };
		B10020 /* ChromeEmblemView.swift */ = {isa = PBXFileReference; lastKnownFileType = sourcecode.swift; path = ChromeEmblemView.swift; sourceTree = "<group>"; };
		B10021 /* MilliNavBar.swift */ = {isa = PBXFileReference; lastKnownFileType = sourcecode.swift; path = MilliNavBar.swift; sourceTree = "<group>"; };
		B10022 /* MilliAIOrb.swift */ = {isa = PBXFileReference; lastKnownFileType = sourcecode.swift; path = MilliAIOrb.swift; sourceTree = "<group>"; };
		B10024 /* TaxVaultView.swift */ = {isa = PBXFileReference; lastKnownFileType = sourcecode.swift; path = TaxVaultView.swift; sourceTree = "<group>"; };
		B10030 /* SplashView.swift */ = {isa = PBXFileReference; lastKnownFileType = sourcecode.swift; path = SplashView.swift; sourceTree = "<group>"; };
		B10031 /* OnboardingView.swift */ = {isa = PBXFileReference; lastKnownFileType = sourcecode.swift; path = OnboardingView.swift; sourceTree = "<group>"; };
		B10032 /* LoginView.swift */ = {isa = PBXFileReference; lastKnownFileType = sourcecode.swift; path = LoginView.swift; sourceTree = "<group>"; };
		B10040 /* AppModels.swift */ = {isa = PBXFileReference; lastKnownFileType = sourcecode.swift; path = AppModels.swift; sourceTree = "<group>"; };
		B10041 /* DashboardView.swift */ = {isa = PBXFileReference; lastKnownFileType = sourcecode.swift; path = DashboardView.swift; sourceTree = "<group>"; };
		B10042 /* ActivityView.swift */ = {isa = PBXFileReference; lastKnownFileType = sourcecode.swift; path = ActivityView.swift; sourceTree = "<group>"; };
		B10043 /* VaultView.swift */ = {isa = PBXFileReference; lastKnownFileType = sourcecode.swift; path = VaultView.swift; sourceTree = "<group>"; };
		B10044 /* WealthView.swift */ = {isa = PBXFileReference; lastKnownFileType = sourcecode.swift; path = WealthView.swift; sourceTree = "<group>"; };
		B10045 /* CockpitView.swift */ = {isa = PBXFileReference; lastKnownFileType = sourcecode.swift; path = CockpitView.swift; sourceTree = "<group>"; };
		B10046 /* MilliMetalCard.swift */ = {isa = PBXFileReference; lastKnownFileType = sourcecode.swift; path = MilliMetalCard.swift; sourceTree = "<group>"; };
		B10047 /* MilliAICompanion.swift */ = {isa = PBXFileReference; lastKnownFileType = sourcecode.swift; path = MilliAICompanion.swift; sourceTree = "<group>"; };
		B10048 /* MilliCard.swift */ = {isa = PBXFileReference; lastKnownFileType = sourcecode.swift; path = MilliCard.swift; sourceTree = "<group>"; };
		B10049 /* MilliChart.swift */ = {isa = PBXFileReference; lastKnownFileType = sourcecode.swift; path = MilliChart.swift; sourceTree = "<group>"; };
		B10050 /* NavBar.swift */ = {isa = PBXFileReference; lastKnownFileType = sourcecode.swift; path = NavBar.swift; sourceTree = "<group>"; };
		B10051 /* CircularProgressView.swift */ = {isa = PBXFileReference; lastKnownFileType = sourcecode.swift; path = CircularProgressView.swift; sourceTree = "<group>"; };
		B10060 /* MilliColors.swift */ = {isa = PBXFileReference; lastKnownFileType = sourcecode.swift; path = MilliColors.swift; sourceTree = "<group>"; };
		B10061 /* MilliTypography.swift */ = {isa = PBXFileReference; lastKnownFileType = sourcecode.swift; path = MilliTypography.swift; sourceTree = "<group>"; };
		B10062 /* MilliSpacing.swift */ = {isa = PBXFileReference; lastKnownFileType = sourcecode.swift; path = MilliSpacing.swift; sourceTree = "<group>"; };
		B10070 /* MilliSurface.swift */ = {isa = PBXFileReference; lastKnownFileType = sourcecode.swift; path = MilliSurface.swift; sourceTree = "<group>"; };
		B10071 /* MilliSparkline.swift */ = {isa = PBXFileReference; lastKnownFileType = sourcecode.swift; path = MilliSparkline.swift; sourceTree = "<group>"; };
		B10072 /* MilliProgressRing.swift */ = {isa = PBXFileReference; lastKnownFileType = sourcecode.swift; path = MilliProgressRing.swift; sourceTree = "<group>"; };
		B10073 /* MilliCenterMButton.swift */ = {isa = PBXFileReference; lastKnownFileType = sourcecode.swift; path = MilliCenterMButton.swift; sourceTree = "<group>"; };
		B10074 /* MilliBottomBar.swift */ = {isa = PBXFileReference; lastKnownFileType = sourcecode.swift; path = MilliBottomBar.swift; sourceTree = "<group>"; };
		B10090 /* BelAirNavBarShape.swift */ = {isa = PBXFileReference; lastKnownFileType = sourcecode.swift; path = BelAirNavBarShape.swift; sourceTree = "<group>"; };
		B10099 /* MilliTaxVault.app */ = {isa = PBXFileReference; explicitFileType = wrapper.application; includeInIndex = 0; path = "MilliTaxVault.app"; sourceTree = BUILT_PRODUCTS_DIR; };
		B10107 /* MilliTaxVaultView.swift */ = {isa = PBXFileReference; lastKnownFileType = sourcecode.swift; path = MilliTaxVaultView.swift; sourceTree = "<group>"; };
		B10110 /* LiveMarketChartView.swift */ = {isa = PBXFileReference; lastKnownFileType = sourcecode.swift; path = LiveMarketChartView.swift; sourceTree = "<group>"; };
		B10111 /* MarketDataViewModel.swift */ = {isa = PBXFileReference; lastKnownFileType = sourcecode.swift; path = MarketDataViewModel.swift; sourceTree = "<group>"; };
		B10112 /* RetirementView.swift */ = {isa = PBXFileReference; lastKnownFileType = sourcecode.swift; path = RetirementView.swift; sourceTree = "<group>"; };
		B10113 /* MileageView.swift */ = {isa = PBXFileReference; lastKnownFileType = sourcecode.swift; path = MileageView.swift; sourceTree = "<group>"; };
		B10114 /* InvestingView.swift */ = {isa = PBXFileReference; lastKnownFileType = sourcecode.swift; path = InvestingView.swift; sourceTree = "<group>"; };
		B10115 /* LocationManager.swift */ = {isa = PBXFileReference; lastKnownFileType = sourcecode.swift; path = LocationManager.swift; sourceTree = "<group>"; };
		B10116 /* AddRetirementAccountSheet.swift */ = {isa = PBXFileReference; lastKnownFileType = sourcecode.swift; path = AddRetirementAccountSheet.swift; sourceTree = "<group>"; };
		B10117 /* AddLifeEventSheet.swift */ = {isa = PBXFileReference; lastKnownFileType = sourcecode.swift; path = AddLifeEventSheet.swift; sourceTree = "<group>"; };
		B10118 /* MileageTrackerView.swift */ = {isa = PBXFileReference; lastKnownFileType = sourcecode.swift; path = MileageTrackerView.swift; sourceTree = "<group>"; };
		B10100 /* TreeOfLifeView.swift */ = {isa = PBXFileReference; lastKnownFileType = sourcecode.swift; path = TreeOfLifeView.swift; sourceTree = "<group>"; };
		B10101 /* VehicleProfile.swift */ = {isa = PBXFileReference; lastKnownFileType = sourcecode.swift; path = VehicleProfile.swift; sourceTree = "<group>"; };
		B10102 /* TaxProfile.swift */ = {isa = PBXFileReference; lastKnownFileType = sourcecode.swift; path = TaxProfile.swift; sourceTree = "<group>"; };
		B10103 /* OnboardingFlowView.swift */ = {isa = PBXFileReference; lastKnownFileType = sourcecode.swift; path = OnboardingFlowView.swift; sourceTree = "<group>"; };
		B10104 /* VehicleSetupView.swift */ = {isa = PBXFileReference; lastKnownFileType = sourcecode.swift; path = VehicleSetupView.swift; sourceTree = "<group>"; };
		B10105 /* TaxProfileSetupView.swift */ = {isa = PBXFileReference; lastKnownFileType = sourcecode.swift; path = TaxProfileSetupView.swift; sourceTree = "<group>"; };
		B10106 /* PlanSelectionView.swift */ = {isa = PBXFileReference; lastKnownFileType = sourcecode.swift; path = PlanSelectionView.swift; sourceTree = "<group>"; };
		B10200 /* MilliTaxVaultScreen.swift */ = {isa = PBXFileReference; lastKnownFileType = sourcecode.swift; path = MilliTaxVaultScreen.swift; sourceTree = "<group>"; };
		B10201 /* MilliAIChatView.swift */ = {isa = PBXFileReference; lastKnownFileType = sourcecode.swift; path = MilliAIChatView.swift; sourceTree = "<group>"; };
		B10202 /* MilliCentsView.swift */ = {isa = PBXFileReference; lastKnownFileType = sourcecode.swift; path = MilliCentsView.swift; sourceTree = "<group>"; };
		B10203 /* ExpensesView.swift */ = {isa = PBXFileReference; lastKnownFileType = sourcecode.swift; path = ExpensesView.swift; sourceTree = "<group>"; };
		B10204 /* ReportsView.swift */ = {isa = PBXFileReference; lastKnownFileType = sourcecode.swift; path = ReportsView.swift; sourceTree = "<group>"; };
		B10205 /* WealthOverviewView.swift */ = {isa = PBXFileReference; lastKnownFileType = sourcecode.swift; path = WealthOverviewView.swift; sourceTree = "<group>"; };
		B10206 /* MoreView.swift */ = {isa = PBXFileReference; lastKnownFileType = sourcecode.swift; path = MoreView.swift; sourceTree = "<group>"; };
		B10207 /* MilliAIView.swift */ = {isa = PBXFileReference; lastKnownFileType = sourcecode.swift; path = MilliAIView.swift; sourceTree = "<group>"; };
		B10208 /* PayoutsView.swift */ = {isa = PBXFileReference; lastKnownFileType = sourcecode.swift; path = PayoutsView.swift; sourceTree = "<group>"; };
		B10209 /* QuarterlyTaxesView.swift */ = {isa = PBXFileReference; lastKnownFileType = sourcecode.swift; path = QuarterlyTaxesView.swift; sourceTree = "<group>"; };
		B10210 /* TaxReadyScoreView.swift */ = {isa = PBXFileReference; lastKnownFileType = sourcecode.swift; path = TaxReadyScoreView.swift; sourceTree = "<group>"; };
		BF0001 /* Sora-Regular.ttf */ = {isa = PBXFileReference; lastKnownFileType = file; path = "Sora-Regular.ttf"; sourceTree = "<group>"; };
		BF0002 /* Sora-Medium.ttf */ = {isa = PBXFileReference; lastKnownFileType = file; path = "Sora-Medium.ttf"; sourceTree = "<group>"; };
		BF0003 /* Sora-SemiBold.ttf */ = {isa = PBXFileReference; lastKnownFileType = file; path = "Sora-SemiBold.ttf"; sourceTree = "<group>"; };
		BF0004 /* Sora-Bold.ttf */ = {isa = PBXFileReference; lastKnownFileType = file; path = "Sora-Bold.ttf"; sourceTree = "<group>"; };
		BF0005 /* Inter-Regular.ttf */ = {isa = PBXFileReference; lastKnownFileType = file; path = "Inter-Regular.ttf"; sourceTree = "<group>"; };
		BF0006 /* Inter-Medium.ttf */ = {isa = PBXFileReference; lastKnownFileType = file; path = "Inter-Medium.ttf"; sourceTree = "<group>"; };
		BF0007 /* Inter-SemiBold.ttf */ = {isa = PBXFileReference; lastKnownFileType = file; path = "Inter-SemiBold.ttf"; sourceTree = "<group>"; };
		BF0008 /* Inter-Bold.ttf */ = {isa = PBXFileReference; lastKnownFileType = file; path = "Inter-Bold.ttf"; sourceTree = "<group>"; };
		BF0099 /* Info.plist */ = {isa = PBXFileReference; lastKnownFileType = text.plist.xml; path = Info.plist; sourceTree = "<group>"; };
		B10301 /* StoreKitService.swift */ = {isa = PBXFileReference; lastKnownFileType = sourcecode.swift; path = StoreKitService.swift; sourceTree = "<group>"; };
		B10302 /* AppleAuthManager.swift */ = {isa = PBXFileReference; lastKnownFileType = sourcecode.swift; path = AppleAuthManager.swift; sourceTree = "<group>"; };
		B10304 /* BankConnectionService.swift */ = {isa = PBXFileReference; lastKnownFileType = sourcecode.swift; path = BankConnectionService.swift; sourceTree = "<group>"; };
		B10303 /* MilliSubscriptions.storekit */ = {isa = PBXFileReference; lastKnownFileType = text; path = MilliSubscriptions.storekit; sourceTree = "<group>"; };
		B10075 /* MilliMetricCard.swift */ = {isa = PBXFileReference; lastKnownFileType = sourcecode.swift; path = MilliMetricCard.swift; sourceTree = "<group>"; };
		B10076 /* MilliInsightCard.swift */ = {isa = PBXFileReference; lastKnownFileType = sourcecode.swift; path = MilliInsightCard.swift; sourceTree = "<group>"; };
		B10080 /* HomeView.swift */ = {isa = PBXFileReference; lastKnownFileType = sourcecode.swift; path = HomeView.swift; sourceTree = "<group>"; };
		B10081 /* HomeViewModel.swift */ = {isa = PBXFileReference; lastKnownFileType = sourcecode.swift; path = HomeViewModel.swift; sourceTree = "<group>"; };
		B10082 /* HomeModels.swift */ = {isa = PBXFileReference; lastKnownFileType = sourcecode.swift; path = HomeModels.swift; sourceTree = "<group>"; };
		B10119 /* MilliDetailSheet.swift */ = {isa = PBXFileReference; lastKnownFileType = sourcecode.swift; path = MilliDetailSheet.swift; sourceTree = "<group>"; };
		B10400 /* QuarterlyTaxEstimator.swift */ = {isa = PBXFileReference; lastKnownFileType = sourcecode.swift; path = QuarterlyTaxEstimator.swift; sourceTree = "<group>"; };
		B10500 /* QuarterlyTaxEstimatorTests.swift */ = {isa = PBXFileReference; lastKnownFileType = sourcecode.swift; path = QuarterlyTaxEstimatorTests.swift; sourceTree = "<group>"; };
		B10510 /* MilliWordmark.swift */ = {isa = PBXFileReference; lastKnownFileType = sourcecode.swift; path = MilliWordmark.swift; sourceTree = "<group>"; };
		B10501 /* MilliTaxVaultTests.xctest */ = {isa = PBXFileReference; explicitFileType = wrapper.cfbundle; includeInIndex = 0; path = MilliTaxVaultTests.xctest; sourceTree = BUILT_PRODUCTS_DIR; };
/* End PBXFileReference section */

/* Begin PBXGroup section */
		C10001 = {
			isa = PBXGroup;
			children = (
				C10002 /* MilliTaxVault */,
				C10500 /* MilliTaxVaultTests */,
				C10099 /* Products */,
			);
			sourceTree = "<group>";
		};
		C10002 /* MilliTaxVault */ = {
			isa = PBXGroup;
			children = (
				B10001 /* MilliApp.swift */,
				B10002 /* ContentView.swift */,
				C10010 /* DesignSystem */,
				C10006 /* Theme */,
				C10007 /* Components */,
				C10009 /* Models */,
				C10014 /* Services */,
				C10003 /* Views */,
				C10011 /* Features */,
				B10013 /* Assets.xcassets */,
				B10303 /* MilliSubscriptions.storekit */,
				CF0001 /* Resources */,
			);
			path = MilliTaxVault;
			sourceTree = "<group>";
		};
		C10014 /* Services */ = {
			isa = PBXGroup;
			children = (
				B10301 /* StoreKitService.swift */,
				B10302 /* AppleAuthManager.swift */,
				B10304 /* BankConnectionService.swift */,
				B10400 /* QuarterlyTaxEstimator.swift */,
			);
			path = Services;
			sourceTree = "<group>";
		};
		C10003 /* Views */ = {
			isa = PBXGroup;
			children = (
				C10008 /* Onboarding */,
				C10012 /* Components */,
				B10024 /* TaxVaultView.swift */,
				B10041 /* DashboardView.swift */,
				B10042 /* ActivityView.swift */,
				B10043 /* VaultView.swift */,
				B10044 /* WealthView.swift */,
				B10045 /* CockpitView.swift */,
				B10107 /* MilliTaxVaultView.swift */,
				B10110 /* LiveMarketChartView.swift */,
				B10111 /* MarketDataViewModel.swift */,
				B10112 /* RetirementView.swift */,
				B10113 /* MileageView.swift */,
				B10114 /* InvestingView.swift */,
				B10115 /* LocationManager.swift */,
				B10116 /* AddRetirementAccountSheet.swift */,
				B10117 /* AddLifeEventSheet.swift */,
				B10118 /* MileageTrackerView.swift */,
				B10100 /* TreeOfLifeView.swift */,
				B10200 /* MilliTaxVaultScreen.swift */,
				B10201 /* MilliAIChatView.swift */,
				B10202 /* MilliCentsView.swift */,
				B10203 /* ExpensesView.swift */,
				B10204 /* ReportsView.swift */,
				B10205 /* WealthOverviewView.swift */,
				B10206 /* MoreView.swift */,
				B10207 /* MilliAIView.swift */,
				B10208 /* PayoutsView.swift */,
				B10209 /* QuarterlyTaxesView.swift */,
				B10210 /* TaxReadyScoreView.swift */,
			);
			path = Views;
			sourceTree = "<group>";
		};
		C10006 /* Theme */ = {
			isa = PBXGroup;
			children = (
				B10012 /* MilliTheme.swift */,
			);
			path = Theme;
			sourceTree = "<group>";
		};
		C10007 /* Components */ = {
			isa = PBXGroup;
			children = (
				B10020 /* ChromeEmblemView.swift */,
				B10021 /* MilliNavBar.swift */,
				B10022 /* MilliAIOrb.swift */,
				B10119 /* MilliDetailSheet.swift */,
				B10046 /* MilliMetalCard.swift */,
				B10047 /* MilliAICompanion.swift */,
				B10070 /* MilliSurface.swift */,
				B10071 /* MilliSparkline.swift */,
				B10072 /* MilliProgressRing.swift */,
				B10073 /* MilliCenterMButton.swift */,
				B10074 /* MilliBottomBar.swift */,
				B10090 /* BelAirNavBarShape.swift */,
				B10075 /* MilliMetricCard.swift */,
				B10076 /* MilliInsightCard.swift */,
				B10510 /* MilliWordmark.swift */,
			);
			path = Components;
			sourceTree = "<group>";
		};
		C10008 /* Onboarding */ = {
			isa = PBXGroup;
			children = (
				B10030 /* SplashView.swift */,
				B10031 /* OnboardingView.swift */,
				B10032 /* LoginView.swift */,
				B10103 /* OnboardingFlowView.swift */,
				B10104 /* VehicleSetupView.swift */,
				B10105 /* TaxProfileSetupView.swift */,
				B10106 /* PlanSelectionView.swift */,
			);
			path = Onboarding;
			sourceTree = "<group>";
		};
		C10009 /* Models */ = {
			isa = PBXGroup;
			children = (
				B10040 /* AppModels.swift */,
				B10101 /* VehicleProfile.swift */,
				B10102 /* TaxProfile.swift */,
			);
			path = Models;
			sourceTree = "<group>";
		};
		C10010 /* DesignSystem */ = {
			isa = PBXGroup;
			children = (
				B10060 /* MilliColors.swift */,
				B10061 /* MilliTypography.swift */,
				B10062 /* MilliSpacing.swift */,
			);
			path = DesignSystem;
			sourceTree = "<group>";
		};
		C10011 /* Features */ = {
			isa = PBXGroup;
			children = (
				C10013 /* Home */,
			);
			path = Features;
			sourceTree = "<group>";
		};
		C10012 /* Components */ = {
			isa = PBXGroup;
			children = (
				B10048 /* MilliCard.swift */,
				B10049 /* MilliChart.swift */,
				B10050 /* NavBar.swift */,
				B10051 /* CircularProgressView.swift */,
			);
			path = Components;
			sourceTree = "<group>";
		};
		C10013 /* Home */ = {
			isa = PBXGroup;
			children = (
				B10080 /* HomeView.swift */,
				B10081 /* HomeViewModel.swift */,
				B10082 /* HomeModels.swift */,
			);
			path = Home;
			sourceTree = "<group>";
		};
		C10099 /* Products */ = {
			isa = PBXGroup;
			children = (
				B10099 /* MilliTaxVault.app */,
				B10501 /* MilliTaxVaultTests.xctest */,
			);
			name = Products;
			sourceTree = "<group>";
		};
		CF0001 /* Resources */ = {
			isa = PBXGroup;
			children = (
				CF0002 /* Fonts */,
				BF0099 /* Info.plist */,
			);
			path = Resources;
			sourceTree = "<group>";
		};
		CF0002 /* Fonts */ = {
			isa = PBXGroup;
			children = (
				BF0001 /* Sora-Regular.ttf */,
				BF0002 /* Sora-Medium.ttf */,
				BF0003 /* Sora-SemiBold.ttf */,
				BF0004 /* Sora-Bold.ttf */,
				BF0005 /* Inter-Regular.ttf */,
				BF0006 /* Inter-Medium.ttf */,
				BF0007 /* Inter-SemiBold.ttf */,
				BF0008 /* Inter-Bold.ttf */,
			);
			path = Fonts;
			sourceTree = "<group>";
		};
		C10500 /* MilliTaxVaultTests */ = {
			isa = PBXGroup;
			children = (
				B10500 /* QuarterlyTaxEstimatorTests.swift */,
			);
			path = MilliTaxVaultTests;
			sourceTree = "<group>";
		};
/* End PBXGroup section */

/* Begin PBXNativeTarget section */
		D10001 /* MilliTaxVault */ = {
			isa = PBXNativeTarget;
			buildConfigurationList = E10003;
			buildPhases = (
				D10002 /* Sources */,
				D10003 /* Resources */,
			);
			buildRules = (
			);
			dependencies = (
			);
			name = MilliTaxVault;
			productName = MilliTaxVault;
			productReference = B10099 /* MilliTaxVault.app */;
			productType = "com.apple.product-type.application";
		};
		D10500 /* MilliTaxVaultTests */ = {
			isa = PBXNativeTarget;
			buildConfigurationList = E10503;
			buildPhases = (
				D10502 /* Sources */,
				D10503 /* Frameworks */,
			);
			buildRules = (
			);
			dependencies = (
				D10501 /* PBXTargetDependency */,
			);
			name = MilliTaxVaultTests;
			packageProductDependencies = (
			);
			productName = MilliTaxVaultTests;
			productReference = B10501 /* MilliTaxVaultTests.xctest */;
			productType = "com.apple.product-type.bundle.unit-test";
		};
/* End PBXNativeTarget section */

/* Begin PBXProject section */
		F10001 /* Project object */ = {
			isa = PBXProject;
			attributes = {
				BuildIndependentTargetsInParallel = 1;
				LastSwiftUpdateCheck = 1540;
				LastUpgradeCheck = 1540;
			};
			buildConfigurationList = E10001;
			compatibilityVersion = "Xcode 14.0";
			developmentRegion = en;
			hasScannedForEncodings = 0;
			knownRegions = (
				en,
				Base,
			);
			mainGroup = C10001;
			productRefGroup = C10099 /* Products */;
			projectDirPath = "";
			projectRoot = "";
			targets = (
				D10001 /* MilliTaxVault */,
				D10500 /* MilliTaxVaultTests */,
			);
		};
/* End PBXProject section */

/* Begin PBXSourcesBuildPhase section */
		D10002 /* Sources */ = {
			isa = PBXSourcesBuildPhase;
			buildActionMask = 2147483647;
			files = (
				A10001,
				A10002,
				A10012,
				A10020,
				A10021,
				A10022,
				A10024,
				A10030,
				A10031,
				A10032,
				A10040,
				A10041,
				A10042,
				A10043,
				A10044,
				A10045,
				A10046,
				A10047,
				A10048,
				A10049,
				A10050,
				A10051,
				A10060,
				A10061,
				A10062,
				A10070,
				A10071,
				A10072,
				A10073,
				A10074,
				A10090,
				A10075,
				A10076,
				A10119,
				A10080,
				A10081,
				A10082,
				A10100,
				A10101,
				A10102,
				A10103,
				A10104,
				A10105,
				A10106,
				A10110,
				A10111,
				A10112,
				A10113,
				A10114,
				A10115,
				A10116,
				A10117,
				A10118,
				A10107,
				A10200,
				A10201,
				A10202,
				A10203,
				A10204,
				A10205,
				A10206,
				A10207,
				A10208,
				A10209,
				A10210,
				A10301,
				A10302,
				A10304,
				A10400,
				A10510,
			);
			runOnlyForDeploymentPostprocessing = 0;
		};
		D10502 /* Sources */ = {
			isa = PBXSourcesBuildPhase;
			buildActionMask = 2147483647;
			files = (
				A10500 /* QuarterlyTaxEstimatorTests.swift in Sources */,
			);
			runOnlyForDeploymentPostprocessing = 0;
		};
/* End PBXSourcesBuildPhase section */

/* Begin PBXFrameworksBuildPhase section */
		D10503 /* Frameworks */ = {
			isa = PBXFrameworksBuildPhase;
			buildActionMask = 2147483647;
			files = (
			);
			runOnlyForDeploymentPostprocessing = 0;
		};
/* End PBXFrameworksBuildPhase section */

/* Begin PBXContainerItemProxy section */
		G10500 /* PBXContainerItemProxy */ = {
			isa = PBXContainerItemProxy;
			containerPortal = F10001 /* Project object */;
			proxyType = 1;
			remoteGlobalIDString = D10001;
			remoteInfo = MilliTaxVault;
		};
/* End PBXContainerItemProxy section */

/* Begin PBXTargetDependency section */
		D10501 /* PBXTargetDependency */ = {
			isa = PBXTargetDependency;
			target = D10001 /* MilliTaxVault */;
			targetProxy = G10500 /* PBXContainerItemProxy */;
		};
/* End PBXTargetDependency section */

/* Begin PBXResourcesBuildPhase section */
		D10003 /* Resources */ = {
			isa = PBXResourcesBuildPhase;
			buildActionMask = 2147483647;
			files = (
				A10013,
				A10303,
				AF0001,
				AF0002,
				AF0003,
				AF0004,
				AF0005,
				AF0006,
				AF0007,
				AF0008,
			);
			runOnlyForDeploymentPostprocessing = 0;
		};
/* End PBXResourcesBuildPhase section */

/* Begin XCBuildConfiguration section */
		E10004 /* Debug */ = {
			isa = XCBuildConfiguration;
			buildSettings = {
				ASSETCATALOG_COMPILER_APPICON_NAME = AppIcon;
				INFOPLIST_FILE = MilliTaxVault/Info.plist;
				ASSETCATALOG_COMPILER_GLOBAL_ACCENT_COLOR_NAME = AccentColor;
				CODE_SIGN_STYLE = Automatic;
				CURRENT_PROJECT_VERSION = 1;
				DEVELOPMENT_TEAM = "";
				GENERATE_INFOPLIST_FILE = YES;
				INFOPLIST_KEY_CFBundleDisplayName = "Milli Tax Vault";
				INFOPLIST_KEY_UIApplicationSceneManifest_Generation = YES;
				INFOPLIST_KEY_UIApplicationSupportsIndirectInputEvents = YES;
				INFOPLIST_KEY_UILaunchScreen_Generation = YES;
				INFOPLIST_KEY_UISupportedInterfaceOrientations_iPhone = "UIInterfaceOrientationPortrait";
				INFOPLIST_KEY_NSLocationWhenInUseUsageDescription = "Milli uses your location to automatically track mileage deductions.";
				INFOPLIST_KEY_NSLocationAlwaysAndWhenInUseUsageDescription = "Milli tracks mileage in the background for automatic deduction logging.";
				IPHONEOS_DEPLOYMENT_TARGET = 17.0;
				LD_RUNPATH_SEARCH_PATHS = (
					"$(inherited)",
					"@executable_path/Frameworks",
				);
				MARKETING_VERSION = 1.0.0;
				PRODUCT_BUNDLE_IDENTIFIER = com.milli.taxvault;
				PRODUCT_NAME = "$(TARGET_NAME)";
				SDKROOT = iphoneos;
				SUPPORTED_PLATFORMS = "iphoneos iphonesimulator";
				SWIFT_EMIT_LOC_STRINGS = YES;
				SWIFT_VERSION = 5.0;
				TARGETED_DEVICE_FAMILY = "1,2";
			};
			name = Debug;
		};
		E10005 /* Release */ = {
			isa = XCBuildConfiguration;
			buildSettings = {
				ASSETCATALOG_COMPILER_APPICON_NAME = AppIcon;
				INFOPLIST_FILE = MilliTaxVault/Info.plist;
				ASSETCATALOG_COMPILER_GLOBAL_ACCENT_COLOR_NAME = AccentColor;
				CODE_SIGN_STYLE = Automatic;
				CURRENT_PROJECT_VERSION = 1;
				DEVELOPMENT_TEAM = "";
				GENERATE_INFOPLIST_FILE = YES;
				INFOPLIST_KEY_CFBundleDisplayName = "Milli Tax Vault";
				INFOPLIST_KEY_UIApplicationSceneManifest_Generation = YES;
				INFOPLIST_KEY_UISupportedInterfaceOrientations_iPhone = "UIInterfaceOrientationPortrait";
				INFOPLIST_KEY_NSLocationWhenInUseUsageDescription = "Milli uses your location to automatically track mileage deductions.";
				INFOPLIST_KEY_NSLocationAlwaysAndWhenInUseUsageDescription = "Milli tracks mileage in the background for automatic deduction logging.";
				IPHONEOS_DEPLOYMENT_TARGET = 17.0;
				LD_RUNPATH_SEARCH_PATHS = (
					"$(inherited)",
					"@executable_path/Frameworks",
				);
				MARKETING_VERSION = 1.0.0;
				PRODUCT_BUNDLE_IDENTIFIER = com.milli.taxvault;
				PRODUCT_NAME = "$(TARGET_NAME)";
				SDKROOT = iphoneos;
				SUPPORTED_PLATFORMS = "iphoneos iphonesimulator";
				SWIFT_EMIT_LOC_STRINGS = YES;
				SWIFT_VERSION = 5.0;
				TARGETED_DEVICE_FAMILY = "1,2";
			};
			name = Release;
		};
		E10006 /* Debug */ = {
			isa = XCBuildConfiguration;
			buildSettings = {
				ALWAYS_SEARCH_USER_PATHS = NO;
				CLANG_ANALYZER_NONNULL = YES;
				CLANG_CXX_LANGUAGE_STANDARD = "gnu++20";
				CLANG_ENABLE_MODULES = YES;
				CLANG_ENABLE_OBJC_ARC = YES;
				CLANG_WARN_BLOCK_CAPTURE_AUTORELEASING = YES;
				CLANG_WARN_BOOL_CONVERSION = YES;
				CLANG_WARN_COMMA = YES;
				CLANG_WARN_CONSTANT_CONVERSION = YES;
				CLANG_WARN_DIRECT_OBJC_ISA_USAGE = YES_ERROR;
				CLANG_WARN_EMPTY_BODY = YES;
				CLANG_WARN_ENUM_CONVERSION = YES;
				CLANG_WARN_INFINITE_RECURSION = YES;
				CLANG_WARN_INT_CONVERSION = YES;
				CLANG_WARN_OBJC_ROOT_CLASS = YES_ERROR;
				CLANG_WARN_UNREACHABLE_CODE = YES;
				CLANG_WARN__DUPLICATE_METHOD_MATCH = YES;
				COPY_PHASE_STRIP = NO;
				DEBUG_INFORMATION_FORMAT = dwarf;
				ENABLE_STRICT_OBJC_MSGSEND = YES;
				ENABLE_TESTABILITY = YES;
				GCC_C_LANGUAGE_STANDARD = gnu17;
				GCC_DYNAMIC_NO_PIC = NO;
				GCC_NO_COMMON_BLOCKS = YES;
				GCC_OPTIMIZATION_LEVEL = 0;
				GCC_PREPROCESSOR_DEFINITIONS = (
					"DEBUG=1",
					"$(inherited)",
				);
				GCC_WARN_ABOUT_RETURN_TYPE = YES_ERROR;
				GCC_WARN_UNDECLARED_SELECTOR = YES;
				GCC_WARN_UNINITIALIZED_AUTOS = YES_AGGRESSIVE;
				GCC_WARN_UNUSED_FUNCTION = YES;
				GCC_WARN_UNUSED_VARIABLE = YES;
				MTL_ENABLE_DEBUG_INFO = INCLUDE_SOURCE;
				MTL_FAST_MATH = YES;
				ONLY_ACTIVE_ARCH = YES;
				SWIFT_ACTIVE_COMPILATION_CONDITIONS = "$(inherited) DEBUG";
				SWIFT_OPTIMIZATION_LEVEL = "-Onone";
			};
			name = Debug;
		};
		E10007 /* Release */ = {
			isa = XCBuildConfiguration;
			buildSettings = {
				ALWAYS_SEARCH_USER_PATHS = NO;
				CLANG_ANALYZER_NONNULL = YES;
				CLANG_CXX_LANGUAGE_STANDARD = "gnu++20";
				CLANG_ENABLE_MODULES = YES;
				CLANG_ENABLE_OBJC_ARC = YES;
				CLANG_WARN_BLOCK_CAPTURE_AUTORELEASING = YES;
				CLANG_WARN_BOOL_CONVERSION = YES;
				CLANG_WARN_COMMA = YES;
				CLANG_WARN_CONSTANT_CONVERSION = YES;
				CLANG_WARN_DIRECT_OBJC_ISA_USAGE = YES_ERROR;
				CLANG_WARN_EMPTY_BODY = YES;
				CLANG_WARN_ENUM_CONVERSION = YES;
				CLANG_WARN_INFINITE_RECURSION = YES;
				CLANG_WARN_INT_CONVERSION = YES;
				CLANG_WARN_OBJC_ROOT_CLASS = YES_ERROR;
				CLANG_WARN_UNREACHABLE_CODE = YES;
				CLANG_WARN__DUPLICATE_METHOD_MATCH = YES;
				COPY_PHASE_STRIP = NO;
				DEBUG_INFORMATION_FORMAT = "dwarf-with-dsym";
				ENABLE_NS_ASSERTIONS = NO;
				ENABLE_STRICT_OBJC_MSGSEND = YES;
				GCC_C_LANGUAGE_STANDARD = gnu17;
				GCC_NO_COMMON_BLOCKS = YES;
				GCC_WARN_ABOUT_RETURN_TYPE = YES_ERROR;
				GCC_WARN_UNDECLARED_SELECTOR = YES;
				GCC_WARN_UNINITIALIZED_AUTOS = YES_AGGRESSIVE;
				GCC_WARN_UNUSED_FUNCTION = YES;
				GCC_WARN_UNUSED_VARIABLE = YES;
				MTL_ENABLE_DEBUG_INFO = NO;
				MTL_FAST_MATH = YES;
				SWIFT_COMPILATION_MODE = wholemodule;
			};
			name = Release;
		};
		E10504 /* Debug */ = {
			isa = XCBuildConfiguration;
			buildSettings = {
				BUNDLE_LOADER = "$(TEST_HOST)";
				CODE_SIGN_STYLE = Automatic;
				CURRENT_PROJECT_VERSION = 1;
				DEVELOPMENT_TEAM = "";
				GENERATE_INFOPLIST_FILE = YES;
				IPHONEOS_DEPLOYMENT_TARGET = 17.0;
				MARKETING_VERSION = 1.0.0;
				PRODUCT_BUNDLE_IDENTIFIER = com.milli.taxvault.tests;
				PRODUCT_NAME = "$(TARGET_NAME)";
				SDKROOT = iphoneos;
				SUPPORTED_PLATFORMS = "iphoneos iphonesimulator";
				SWIFT_EMIT_LOC_STRINGS = NO;
				SWIFT_VERSION = 5.0;
				TARGETED_DEVICE_FAMILY = "1,2";
				TEST_HOST = "$(BUILT_PRODUCTS_DIR)/MilliTaxVault.app/$(BUNDLE_EXECUTABLE_FOLDER_PATH)/MilliTaxVault";
			};
			name = Debug;
		};
		E10505 /* Release */ = {
			isa = XCBuildConfiguration;
			buildSettings = {
				BUNDLE_LOADER = "$(TEST_HOST)";
				CODE_SIGN_STYLE = Automatic;
				CURRENT_PROJECT_VERSION = 1;
				DEVELOPMENT_TEAM = "";
				GENERATE_INFOPLIST_FILE = YES;
				IPHONEOS_DEPLOYMENT_TARGET = 17.0;
				MARKETING_VERSION = 1.0.0;
				PRODUCT_BUNDLE_IDENTIFIER = com.milli.taxvault.tests;
				PRODUCT_NAME = "$(TARGET_NAME)";
				SDKROOT = iphoneos;
				SUPPORTED_PLATFORMS = "iphoneos iphonesimulator";
				SWIFT_EMIT_LOC_STRINGS = NO;
				SWIFT_VERSION = 5.0;
				TARGETED_DEVICE_FAMILY = "1,2";
				TEST_HOST = "$(BUILT_PRODUCTS_DIR)/MilliTaxVault.app/$(BUNDLE_EXECUTABLE_FOLDER_PATH)/MilliTaxVault";
			};
			name = Release;
		};
/* End XCBuildConfiguration section */

/* Begin XCConfigurationList section */
		E10001 /* Build configuration list for PBXProject */ = {
			isa = XCConfigurationList;
			buildConfigurations = (
				E10006 /* Debug */,
				E10007 /* Release */,
			);
			defaultConfigurationIsVisible = 0;
			defaultConfigurationName = Release;
		};
		E10503 /* Build configuration list for PBXNativeTarget */ = {
			isa = XCConfigurationList;
			buildConfigurations = (
				E10504 /* Debug */,
				E10505 /* Release */,
			);
			defaultConfigurationIsVisible = 0;
			defaultConfigurationName = Release;
		};
		E10003 /* Build configuration list for PBXNativeTarget */ = {
			isa = XCConfigurationList;
			buildConfigurations = (
				E10004 /* Debug */,
				E10005 /* Release */,
			);
			defaultConfigurationIsVisible = 0;
			defaultConfigurationName = Release;
		};
/* End XCConfigurationList section */

	};
	rootObject = F10001 /* Project object */;
}