{
  "originHash" : "9a90fd6b751db9d872f6d8fec0f562188d05fff2207aaee414e5b69e095576f9",
  "pins" : [
    {
      "identity" : "plaid-link-ios-spm",
      "kind" : "remoteSourceControl",
      "location" : "https://github.com/plaid/plaid-link-ios-spm.git",
      "state" : {
        "revision" : "4956b2c7450e05dd180ad68cd3ad5fb74b43a319",
        "version" : "7.1.0"
      }
    }
  ],
  "version" : 3
}
